Microsoft Visual Studio Solution File, Format Version 11.00
# Visual Studio 2008

Project("{B41DAD3B-E813-5C03-312F-FDC7DA999E9D}") = "CookingManagerV1", "Assembly-CSharp-firstpass.csproj", "{A5FDE84B-FB62-B1B7-CABB-89036709305B}"
EndProject
Project("{B41DAD3B-E813-5C03-312F-FDC7DA999E9D}") = "CookingManagerV1", "Assembly-CSharp.csproj", "{01DE20BF-9D96-65C0-3927-8C165CBB990D}"
EndProject
Global
	GlobalSection(SolutionConfigurationPlatforms) = preSolution
		Debug|Any CPU = Debug|Any CPU
		Release|Any CPU = Release|Any CPU
	EndGlobalSection
	GlobalSection(ProjectConfigurationPlatforms) = postSolution
		{A5FDE84B-FB62-B1B7-CABB-89036709305B}.Debug|Any CPU.ActiveCfg = Debug|Any CPU
		{A5FDE84B-FB62-B1B7-CABB-89036709305B}.Debug|Any CPU.Build.0 = Debug|Any CPU
		{A5FDE84B-FB62-B1B7-CABB-89036709305B}.Release|Any CPU.ActiveCfg = Release|Any CPU
		{A5FDE84B-FB62-B1B7-CABB-89036709305B}.Release|Any CPU.Build.0 = Release|Any CPU
		{01DE20BF-9D96-65C0-3927-8C165CBB990D}.Debug|Any CPU.ActiveCfg = Debug|Any CPU
		{01DE20BF-9D96-65C0-3927-8C165CBB990D}.Debug|Any CPU.Build.0 = Debug|Any CPU
		{01DE20BF-9D96-65C0-3927-8C165CBB990D}.Release|Any CPU.ActiveCfg = Release|Any CPU
		{01DE20BF-9D96-65C0-3927-8C165CBB990D}.Release|Any CPU.Build.0 = Release|Any CPU
	EndGlobalSection
	GlobalSection(SolutionProperties) = preSolution
		HideSolutionNode = FALSE
	EndGlobalSection
	GlobalSection(MonoDevelopProperties) = preSolution
		StartupItem = Assembly-CSharp.csproj
	EndGlobalSection
EndGlobal
